
Microsoft Visual Studio Solution File, Format Version 12.00
# Visual Studio Version 16
VisualStudioVersion = 16.0.28729.10
MinimumVisualStudioVersion = 10.0.40219.1
Project("{8BC9CEB8-8B4A-11D0-8D11-00A0C91BC942}") = "gtest", "3rd_party\googletest\gtest.vcxproj", "{064DCEC7-172B-4334-8DF4-75A4EC7C8DD8}"
EndProject
Project("{8BC9CEB8-8B4A-11D0-8D11-00A0C91BC942}") = "vnoes", "tests\generate\oes\vnoes\vnoes.vcxproj", "{467DBC12-71F2-4ABF-B36D-4971BF71620A}"
EndProject
Project("{2150E333-8FDC-42A3-9474-1A3956D46DE8}") = "3rd_party", "3rd_party", "{6AC16BFF-058A-43DE-8DEE-40EE3BB63AAF}"
EndProject
Project("{2150E333-8FDC-42A3-9474-1A3956D46DE8}") = "oes", "oes", "{1FCD2F10-7996-4890-B9DA-74FFE2F24F54}"
EndProject
Project("{8BC9CEB8-8B4A-11D0-8D11-00A0C91BC942}") = "oes_client", "tests\3rd_party\oes\oes\oes.vcxproj", "{565B8246-4907-4919-9AC1-E9099B36ED97}"
EndProject
Project("{8BC9CEB8-8B4A-11D0-8D11-00A0C91BC942}") = "mds_client", "tests\3rd_party\oes\mds_client\mds_client.vcxproj", "{D16A5866-F096-458E-A541-B694DC6035BD}"
EndProject
Project("{8BC9CEB8-8B4A-11D0-8D11-00A0C91BC942}") = "mds_subscribe", "tests\3rd_party\oes\mds_subscribe\mds_subscribe.vcxproj", "{1CFEFB9D-14DA-408A-BBA3-6F7965287CA3}"
EndProject
Project("{2150E333-8FDC-42A3-9474-1A3956D46DE8}") = "c2py", "c2py", "{899FF5AB-4FC0-4060-B736-646537D4B646}"
EndProject
Project("{8BC9CEB8-8B4A-11D0-8D11-00A0C91BC942}") = "c2py", "c2py\c2py.vcxproj", "{1D5D1FD1-0856-456D-B881-F1C3F3EACC5D}"
EndProject
Project("{2150E333-8FDC-42A3-9474-1A3956D46DE8}") = "tests", "tests", "{55138986-0B54-4974-B75E-EDFB2423B882}"
EndProject
Project("{2150E333-8FDC-42A3-9474-1A3956D46DE8}") = "hint", "hint", "{9C0F6EB3-6121-47E1-83A4-8998D6B0496E}"
EndProject
Project("{8BC9CEB8-8B4A-11D0-8D11-00A0C91BC942}") = "vnlts", "tests\generate\lts\vnlts\vnlts.vcxproj", "{64510A59-6A09-49A3-AB20-899BBFC4D23D}"
EndProject
Project("{8BC9CEB8-8B4A-11D0-8D11-00A0C91BC942}") = "vnitap", "tests\generate\itap\vnitap\vnitap.vcxproj", "{F6688991-0FB5-4C29-BA4D-DDC1CE9B7BD8}"
EndProject
Project("{8BC9CEB8-8B4A-11D0-8D11-00A0C91BC942}") = "binding", "tests\cpp_side\binding\binding.vcxproj", "{DAC1FCFE-9C26-4825-AAC5-6C44CF771AEC}"
EndProject
Project("{8BC9CEB8-8B4A-11D0-8D11-00A0C91BC942}") = "c2py_basic", "tests\cpp_side\c2py_basic\c2py_basic.vcxproj", "{5CF3E849-84BA-4862-8790-4E9A25214F34}"
EndProject
Project("{2150E333-8FDC-42A3-9474-1A3956D46DE8}") = "combined", "combined", "{76027E28-D199-44AA-BFAC-BA4E9D1FEB02}"
EndProject
Project("{8BC9CEB8-8B4A-11D0-8D11-00A0C91BC942}") = "wrap_argument_as_output", "tests\combine\wrap_argument_as_output\wrap_argument_as_output.vcxproj", "{CC43761F-6226-4599-8AA5-32BB12E7E1F6}"
EndProject
Project("{8BC9CEB8-8B4A-11D0-8D11-00A0C91BC942}") = "wrap_string_array", "tests\combine\wrap_string_array\wrap_string_array.vcxproj", "{F6EB013E-9FE8-401F-88E9-98A943703320}"
EndProject
Project("{8BC9CEB8-8B4A-11D0-8D11-00A0C91BC942}") = "wrap_c_function_callback", "tests\combined\wrap_c_function_callback\wrap_c_function_callback.vcxproj", "{0EFFCD1B-BF05-4176-B22C-4874F7CE05BE}"
EndProject
Project("{2150E333-8FDC-42A3-9474-1A3956D46DE8}") = "generators", "generators", "{FD242471-3B49-4FAC-BEC0-6D3248862F9F}"
EndProject
Project("{8BC9CEB8-8B4A-11D0-8D11-00A0C91BC942}") = "vnxtp", "tests\generate\xtp\vnxtp\vnxtp.vcxproj", "{6EF1A8B9-2E74-4C0A-984E-73B7C039E797}"
EndProject
Project("{8BC9CEB8-8B4A-11D0-8D11-00A0C91BC942}") = "exception_handling", "tests\combined\exception_handling\exception_handling.vcxproj", "{496F47F2-ED01-4D11-A990-A316E1BB641A}"
EndProject
Project("{8BC9CEB8-8B4A-11D0-8D11-00A0C91BC942}") = "vnctp", "tests\generate\ctp\vnctp\vnctp.vcxproj", "{9EB962C9-611F-4322-9678-928406B3069B}"
EndProject
Project("{2150E333-8FDC-42A3-9474-1A3956D46DE8}") = "cpp_side", "cpp_side", "{66982773-4EF6-44C7-AFE7-7B33C298DFDE}"
EndProject
Global
	GlobalSection(SolutionConfigurationPlatforms) = preSolution
		Debug|x64 = Debug|x64
		Debug|x86 = Debug|x86
		Release|x64 = Release|x64
		Release|x86 = Release|x86
	EndGlobalSection
	GlobalSection(ProjectConfigurationPlatforms) = postSolution
		{064DCEC7-172B-4334-8DF4-75A4EC7C8DD8}.Debug|x64.ActiveCfg = Debug|x64
		{064DCEC7-172B-4334-8DF4-75A4EC7C8DD8}.Debug|x64.Build.0 = Debug|x64
		{064DCEC7-172B-4334-8DF4-75A4EC7C8DD8}.Debug|x86.ActiveCfg = Debug|Win32
		{064DCEC7-172B-4334-8DF4-75A4EC7C8DD8}.Debug|x86.Build.0 = Debug|Win32
		{064DCEC7-172B-4334-8DF4-75A4EC7C8DD8}.Release|x64.ActiveCfg = Release|x64
		{064DCEC7-172B-4334-8DF4-75A4EC7C8DD8}.Release|x64.Build.0 = Release|x64
		{064DCEC7-172B-4334-8DF4-75A4EC7C8DD8}.Release|x86.ActiveCfg = Release|Win32
		{064DCEC7-172B-4334-8DF4-75A4EC7C8DD8}.Release|x86.Build.0 = Release|Win32
		{467DBC12-71F2-4ABF-B36D-4971BF71620A}.Debug|x64.ActiveCfg = Debug|x64
		{467DBC12-71F2-4ABF-B36D-4971BF71620A}.Debug|x64.Build.0 = Debug|x64
		{467DBC12-71F2-4ABF-B36D-4971BF71620A}.Debug|x86.ActiveCfg = Debug|Win32
		{467DBC12-71F2-4ABF-B36D-4971BF71620A}.Debug|x86.Build.0 = Debug|Win32
		{467DBC12-71F2-4ABF-B36D-4971BF71620A}.Release|x64.ActiveCfg = Release|x64
		{467DBC12-71F2-4ABF-B36D-4971BF71620A}.Release|x64.Build.0 = Release|x64
		{467DBC12-71F2-4ABF-B36D-4971BF71620A}.Release|x86.ActiveCfg = Release|Win32
		{467DBC12-71F2-4ABF-B36D-4971BF71620A}.Release|x86.Build.0 = Release|Win32
		{565B8246-4907-4919-9AC1-E9099B36ED97}.Debug|x64.ActiveCfg = Debug|x64
		{565B8246-4907-4919-9AC1-E9099B36ED97}.Debug|x64.Build.0 = Debug|x64
		{565B8246-4907-4919-9AC1-E9099B36ED97}.Debug|x86.ActiveCfg = Debug|Win32
		{565B8246-4907-4919-9AC1-E9099B36ED97}.Debug|x86.Build.0 = Debug|Win32
		{565B8246-4907-4919-9AC1-E9099B36ED97}.Release|x64.ActiveCfg = Release|x64
		{565B8246-4907-4919-9AC1-E9099B36ED97}.Release|x64.Build.0 = Release|x64
		{565B8246-4907-4919-9AC1-E9099B36ED97}.Release|x86.ActiveCfg = Release|Win32
		{565B8246-4907-4919-9AC1-E9099B36ED97}.Release|x86.Build.0 = Release|Win32
		{D16A5866-F096-458E-A541-B694DC6035BD}.Debug|x64.ActiveCfg = Debug|x64
		{D16A5866-F096-458E-A541-B694DC6035BD}.Debug|x64.Build.0 = Debug|x64
		{D16A5866-F096-458E-A541-B694DC6035BD}.Debug|x86.ActiveCfg = Debug|Win32
		{D16A5866-F096-458E-A541-B694DC6035BD}.Debug|x86.Build.0 = Debug|Win32
		{D16A5866-F096-458E-A541-B694DC6035BD}.Release|x64.ActiveCfg = Release|x64
		{D16A5866-F096-458E-A541-B694DC6035BD}.Release|x64.Build.0 = Release|x64
		{D16A5866-F096-458E-A541-B694DC6035BD}.Release|x86.ActiveCfg = Release|Win32
		{D16A5866-F096-458E-A541-B694DC6035BD}.Release|x86.Build.0 = Release|Win32
		{1CFEFB9D-14DA-408A-BBA3-6F7965287CA3}.Debug|x64.ActiveCfg = Debug|x64
		{1CFEFB9D-14DA-408A-BBA3-6F7965287CA3}.Debug|x64.Build.0 = Debug|x64
		{1CFEFB9D-14DA-408A-BBA3-6F7965287CA3}.Debug|x86.ActiveCfg = Debug|Win32
		{1CFEFB9D-14DA-408A-BBA3-6F7965287CA3}.Debug|x86.Build.0 = Debug|Win32
		{1CFEFB9D-14DA-408A-BBA3-6F7965287CA3}.Release|x64.ActiveCfg = Release|x64
		{1CFEFB9D-14DA-408A-BBA3-6F7965287CA3}.Release|x64.Build.0 = Release|x64
		{1CFEFB9D-14DA-408A-BBA3-6F7965287CA3}.Release|x86.ActiveCfg = Release|Win32
		{1CFEFB9D-14DA-408A-BBA3-6F7965287CA3}.Release|x86.Build.0 = Release|Win32
		{1D5D1FD1-0856-456D-B881-F1C3F3EACC5D}.Debug|x64.ActiveCfg = Debug|x64
		{1D5D1FD1-0856-456D-B881-F1C3F3EACC5D}.Debug|x86.ActiveCfg = Debug|Win32
		{1D5D1FD1-0856-456D-B881-F1C3F3EACC5D}.Release|x64.ActiveCfg = Release|x64
		{1D5D1FD1-0856-456D-B881-F1C3F3EACC5D}.Release|x86.ActiveCfg = Release|Win32
		{64510A59-6A09-49A3-AB20-899BBFC4D23D}.Debug|x64.ActiveCfg = Debug|x64
		{64510A59-6A09-49A3-AB20-899BBFC4D23D}.Debug|x64.Build.0 = Debug|x64
		{64510A59-6A09-49A3-AB20-899BBFC4D23D}.Debug|x86.ActiveCfg = Debug|Win32
		{64510A59-6A09-49A3-AB20-899BBFC4D23D}.Debug|x86.Build.0 = Debug|Win32
		{64510A59-6A09-49A3-AB20-899BBFC4D23D}.Release|x64.ActiveCfg = Release|x64
		{64510A59-6A09-49A3-AB20-899BBFC4D23D}.Release|x64.Build.0 = Release|x64
		{64510A59-6A09-49A3-AB20-899BBFC4D23D}.Release|x86.ActiveCfg = Release|Win32
		{64510A59-6A09-49A3-AB20-899BBFC4D23D}.Release|x86.Build.0 = Release|Win32
		{F6688991-0FB5-4C29-BA4D-DDC1CE9B7BD8}.Debug|x64.ActiveCfg = Debug|x64
		{F6688991-0FB5-4C29-BA4D-DDC1CE9B7BD8}.Debug|x64.Build.0 = Debug|x64
		{F6688991-0FB5-4C29-BA4D-DDC1CE9B7BD8}.Debug|x86.ActiveCfg = Debug|Win32
		{F6688991-0FB5-4C29-BA4D-DDC1CE9B7BD8}.Debug|x86.Build.0 = Debug|Win32
		{F6688991-0FB5-4C29-BA4D-DDC1CE9B7BD8}.Release|x64.ActiveCfg = Release|x64
		{F6688991-0FB5-4C29-BA4D-DDC1CE9B7BD8}.Release|x64.Build.0 = Release|x64
		{F6688991-0FB5-4C29-BA4D-DDC1CE9B7BD8}.Release|x86.ActiveCfg = Release|Win32
		{F6688991-0FB5-4C29-BA4D-DDC1CE9B7BD8}.Release|x86.Build.0 = Release|Win32
		{DAC1FCFE-9C26-4825-AAC5-6C44CF771AEC}.Debug|x64.ActiveCfg = Debug|x64
		{DAC1FCFE-9C26-4825-AAC5-6C44CF771AEC}.Debug|x64.Build.0 = Debug|x64
		{DAC1FCFE-9C26-4825-AAC5-6C44CF771AEC}.Debug|x86.ActiveCfg = Debug|Win32
		{DAC1FCFE-9C26-4825-AAC5-6C44CF771AEC}.Debug|x86.Build.0 = Debug|Win32
		{DAC1FCFE-9C26-4825-AAC5-6C44CF771AEC}.Release|x64.ActiveCfg = Release|x64
		{DAC1FCFE-9C26-4825-AAC5-6C44CF771AEC}.Release|x64.Build.0 = Release|x64
		{DAC1FCFE-9C26-4825-AAC5-6C44CF771AEC}.Release|x86.ActiveCfg = Release|Win32
		{DAC1FCFE-9C26-4825-AAC5-6C44CF771AEC}.Release|x86.Build.0 = Release|Win32
		{5CF3E849-84BA-4862-8790-4E9A25214F34}.Debug|x64.ActiveCfg = Debug|x64
		{5CF3E849-84BA-4862-8790-4E9A25214F34}.Debug|x64.Build.0 = Debug|x64
		{5CF3E849-84BA-4862-8790-4E9A25214F34}.Debug|x86.ActiveCfg = Debug|Win32
		{5CF3E849-84BA-4862-8790-4E9A25214F34}.Debug|x86.Build.0 = Debug|Win32
		{5CF3E849-84BA-4862-8790-4E9A25214F34}.Release|x64.ActiveCfg = Release|x64
		{5CF3E849-84BA-4862-8790-4E9A25214F34}.Release|x64.Build.0 = Release|x64
		{5CF3E849-84BA-4862-8790-4E9A25214F34}.Release|x86.ActiveCfg = Release|Win32
		{5CF3E849-84BA-4862-8790-4E9A25214F34}.Release|x86.Build.0 = Release|Win32
		{CC43761F-6226-4599-8AA5-32BB12E7E1F6}.Debug|x64.ActiveCfg = Debug|x64
		{CC43761F-6226-4599-8AA5-32BB12E7E1F6}.Debug|x64.Build.0 = Debug|x64
		{CC43761F-6226-4599-8AA5-32BB12E7E1F6}.Debug|x86.ActiveCfg = Debug|Win32
		{CC43761F-6226-4599-8AA5-32BB12E7E1F6}.Debug|x86.Build.0 = Debug|Win32
		{CC43761F-6226-4599-8AA5-32BB12E7E1F6}.Release|x64.ActiveCfg = Release|x64
		{CC43761F-6226-4599-8AA5-32BB12E7E1F6}.Release|x64.Build.0 = Release|x64
		{CC43761F-6226-4599-8AA5-32BB12E7E1F6}.Release|x86.ActiveCfg = Release|Win32
		{CC43761F-6226-4599-8AA5-32BB12E7E1F6}.Release|x86.Build.0 = Release|Win32
		{F6EB013E-9FE8-401F-88E9-98A943703320}.Debug|x64.ActiveCfg = Debug|x64
		{F6EB013E-9FE8-401F-88E9-98A943703320}.Debug|x64.Build.0 = Debug|x64
		{F6EB013E-9FE8-401F-88E9-98A943703320}.Debug|x86.ActiveCfg = Debug|Win32
		{F6EB013E-9FE8-401F-88E9-98A943703320}.Debug|x86.Build.0 = Debug|Win32
		{F6EB013E-9FE8-401F-88E9-98A943703320}.Release|x64.ActiveCfg = Release|x64
		{F6EB013E-9FE8-401F-88E9-98A943703320}.Release|x64.Build.0 = Release|x64
		{F6EB013E-9FE8-401F-88E9-98A943703320}.Release|x86.ActiveCfg = Release|Win32
		{F6EB013E-9FE8-401F-88E9-98A943703320}.Release|x86.Build.0 = Release|Win32
		{0EFFCD1B-BF05-4176-B22C-4874F7CE05BE}.Debug|x64.ActiveCfg = Debug|x64
		{0EFFCD1B-BF05-4176-B22C-4874F7CE05BE}.Debug|x64.Build.0 = Debug|x64
		{0EFFCD1B-BF05-4176-B22C-4874F7CE05BE}.Debug|x86.ActiveCfg = Debug|Win32
		{0EFFCD1B-BF05-4176-B22C-4874F7CE05BE}.Debug|x86.Build.0 = Debug|Win32
		{0EFFCD1B-BF05-4176-B22C-4874F7CE05BE}.Release|x64.ActiveCfg = Release|x64
		{0EFFCD1B-BF05-4176-B22C-4874F7CE05BE}.Release|x64.Build.0 = Release|x64
		{0EFFCD1B-BF05-4176-B22C-4874F7CE05BE}.Release|x86.ActiveCfg = Release|Win32
		{0EFFCD1B-BF05-4176-B22C-4874F7CE05BE}.Release|x86.Build.0 = Release|Win32
		{6EF1A8B9-2E74-4C0A-984E-73B7C039E797}.Debug|x64.ActiveCfg = Debug|x64
		{6EF1A8B9-2E74-4C0A-984E-73B7C039E797}.Debug|x64.Build.0 = Debug|x64
		{6EF1A8B9-2E74-4C0A-984E-73B7C039E797}.Debug|x86.ActiveCfg = Debug|Win32
		{6EF1A8B9-2E74-4C0A-984E-73B7C039E797}.Debug|x86.Build.0 = Debug|Win32
		{6EF1A8B9-2E74-4C0A-984E-73B7C039E797}.Release|x64.ActiveCfg = Release|x64
		{6EF1A8B9-2E74-4C0A-984E-73B7C039E797}.Release|x64.Build.0 = Release|x64
		{6EF1A8B9-2E74-4C0A-984E-73B7C039E797}.Release|x86.ActiveCfg = Release|Win32
		{6EF1A8B9-2E74-4C0A-984E-73B7C039E797}.Release|x86.Build.0 = Release|Win32
		{496F47F2-ED01-4D11-A990-A316E1BB641A}.Debug|x64.ActiveCfg = Debug|x64
		{496F47F2-ED01-4D11-A990-A316E1BB641A}.Debug|x64.Build.0 = Debug|x64
		{496F47F2-ED01-4D11-A990-A316E1BB641A}.Debug|x86.ActiveCfg = Debug|Win32
		{496F47F2-ED01-4D11-A990-A316E1BB641A}.Debug|x86.Build.0 = Debug|Win32
		{496F47F2-ED01-4D11-A990-A316E1BB641A}.Release|x64.ActiveCfg = Release|x64
		{496F47F2-ED01-4D11-A990-A316E1BB641A}.Release|x64.Build.0 = Release|x64
		{496F47F2-ED01-4D11-A990-A316E1BB641A}.Release|x86.ActiveCfg = Release|Win32
		{496F47F2-ED01-4D11-A990-A316E1BB641A}.Release|x86.Build.0 = Release|Win32
		{9EB962C9-611F-4322-9678-928406B3069B}.Debug|x64.ActiveCfg = Debug|x64
		{9EB962C9-611F-4322-9678-928406B3069B}.Debug|x64.Build.0 = Debug|x64
		{9EB962C9-611F-4322-9678-928406B3069B}.Debug|x86.ActiveCfg = Debug|Win32
		{9EB962C9-611F-4322-9678-928406B3069B}.Debug|x86.Build.0 = Debug|Win32
		{9EB962C9-611F-4322-9678-928406B3069B}.Release|x64.ActiveCfg = Release|x64
		{9EB962C9-611F-4322-9678-928406B3069B}.Release|x64.Build.0 = Release|x64
		{9EB962C9-611F-4322-9678-928406B3069B}.Release|x86.ActiveCfg = Release|Win32
		{9EB962C9-611F-4322-9678-928406B3069B}.Release|x86.Build.0 = Release|Win32
	EndGlobalSection
	GlobalSection(SolutionProperties) = preSolution
		HideSolutionNode = FALSE
	EndGlobalSection
	GlobalSection(NestedProjects) = preSolution
		{064DCEC7-172B-4334-8DF4-75A4EC7C8DD8} = {6AC16BFF-058A-43DE-8DEE-40EE3BB63AAF}
		{467DBC12-71F2-4ABF-B36D-4971BF71620A} = {FD242471-3B49-4FAC-BEC0-6D3248862F9F}
		{1FCD2F10-7996-4890-B9DA-74FFE2F24F54} = {6AC16BFF-058A-43DE-8DEE-40EE3BB63AAF}
		{565B8246-4907-4919-9AC1-E9099B36ED97} = {1FCD2F10-7996-4890-B9DA-74FFE2F24F54}
		{D16A5866-F096-458E-A541-B694DC6035BD} = {1FCD2F10-7996-4890-B9DA-74FFE2F24F54}
		{1CFEFB9D-14DA-408A-BBA3-6F7965287CA3} = {1FCD2F10-7996-4890-B9DA-74FFE2F24F54}
		{899FF5AB-4FC0-4060-B736-646537D4B646} = {9C0F6EB3-6121-47E1-83A4-8998D6B0496E}
		{1D5D1FD1-0856-456D-B881-F1C3F3EACC5D} = {899FF5AB-4FC0-4060-B736-646537D4B646}
		{64510A59-6A09-49A3-AB20-899BBFC4D23D} = {FD242471-3B49-4FAC-BEC0-6D3248862F9F}
		{F6688991-0FB5-4C29-BA4D-DDC1CE9B7BD8} = {FD242471-3B49-4FAC-BEC0-6D3248862F9F}
		{DAC1FCFE-9C26-4825-AAC5-6C44CF771AEC} = {66982773-4EF6-44C7-AFE7-7B33C298DFDE}
		{5CF3E849-84BA-4862-8790-4E9A25214F34} = {66982773-4EF6-44C7-AFE7-7B33C298DFDE}
		{76027E28-D199-44AA-BFAC-BA4E9D1FEB02} = {55138986-0B54-4974-B75E-EDFB2423B882}
		{CC43761F-6226-4599-8AA5-32BB12E7E1F6} = {76027E28-D199-44AA-BFAC-BA4E9D1FEB02}
		{F6EB013E-9FE8-401F-88E9-98A943703320} = {76027E28-D199-44AA-BFAC-BA4E9D1FEB02}
		{0EFFCD1B-BF05-4176-B22C-4874F7CE05BE} = {76027E28-D199-44AA-BFAC-BA4E9D1FEB02}
		{FD242471-3B49-4FAC-BEC0-6D3248862F9F} = {55138986-0B54-4974-B75E-EDFB2423B882}
		{6EF1A8B9-2E74-4C0A-984E-73B7C039E797} = {FD242471-3B49-4FAC-BEC0-6D3248862F9F}
		{496F47F2-ED01-4D11-A990-A316E1BB641A} = {76027E28-D199-44AA-BFAC-BA4E9D1FEB02}
		{9EB962C9-611F-4322-9678-928406B3069B} = {FD242471-3B49-4FAC-BEC0-6D3248862F9F}
		{66982773-4EF6-44C7-AFE7-7B33C298DFDE} = {55138986-0B54-4974-B75E-EDFB2423B882}
	EndGlobalSection
	GlobalSection(ExtensibilityGlobals) = postSolution
		SolutionGuid = {BF779EA3-BC4C-49BE-9218-F292B16F85F5}
	EndGlobalSection
EndGlobal
