
Microsoft Visual Studio Solution File, Format Version 12.00
# Visual Studio 15
VisualStudioVersion = 15.0.28307.168
MinimumVisualStudioVersion = 10.0.40219.1
Project("{8BC9CEB8-8B4A-11D0-8D11-00A0C91BC942}") = "gtest", "3rd_party\googletest\gtest.vcxproj", "{064DCEC7-172B-4334-8DF4-75A4EC7C8DD8}"
EndProject
Project("{8BC9CEB8-8B4A-11D0-8D11-00A0C91BC942}") = "tests", "tests\tests\tests.vcxproj", "{BDE8B29F-8E69-4B91-9AEF-520FB6CA883A}"
EndProject
Project("{8BC9CEB8-8B4A-11D0-8D11-00A0C91BC942}") = "vnoes", "tests\generate\oes\vnoes\vnoes.vcxproj", "{467DBC12-71F2-4ABF-B36D-4971BF71620A}"
EndProject
Project("{2150E333-8FDC-42A3-9474-1A3956D46DE8}") = "3rd_party", "3rd_party", "{6AC16BFF-058A-43DE-8DEE-40EE3BB63AAF}"
EndProject
Project("{2150E333-8FDC-42A3-9474-1A3956D46DE8}") = "oes", "oes", "{1FCD2F10-7996-4890-B9DA-74FFE2F24F54}"
EndProject
Project("{8BC9CEB8-8B4A-11D0-8D11-00A0C91BC942}") = "oes", "tests\3rd_party\oes\oes\oes.vcxproj", "{565B8246-4907-4919-9AC1-E9099B36ED97}"
EndProject
Project("{8BC9CEB8-8B4A-11D0-8D11-00A0C91BC942}") = "mds_client", "tests\3rd_party\oes\mds_client\mds_client.vcxproj", "{D16A5866-F096-458E-A541-B694DC6035BD}"
EndProject
Project("{8BC9CEB8-8B4A-11D0-8D11-00A0C91BC942}") = "mds_subscribe", "tests\3rd_party\oes\mds_subscribe\mds_subscribe.vcxproj", "{1CFEFB9D-14DA-408A-BBA3-6F7965287CA3}"
EndProject
Project("{2150E333-8FDC-42A3-9474-1A3956D46DE8}") = "autocxxpy", "autocxxpy", "{899FF5AB-4FC0-4060-B736-646537D4B646}"
EndProject
Project("{8BC9CEB8-8B4A-11D0-8D11-00A0C91BC942}") = "autocxxpy", "autocxxpy\autocxxpy.vcxproj", "{1D5D1FD1-0856-456D-B881-F1C3F3EACC5D}"
EndProject
Project("{8BC9CEB8-8B4A-11D0-8D11-00A0C91BC942}") = "binding", "tests\binding\binding.vcxproj", "{DAC1FCFE-9C26-4825-AAC5-6C44CF771AEC}"
EndProject
Project("{2150E333-8FDC-42A3-9474-1A3956D46DE8}") = "tests", "tests", "{55138986-0B54-4974-B75E-EDFB2423B882}"
EndProject
Global
	GlobalSection(SolutionConfigurationPlatforms) = preSolution
		Debug|x64 = Debug|x64
		Debug|x86 = Debug|x86
		Release|x64 = Release|x64
		Release|x86 = Release|x86
	EndGlobalSection
	GlobalSection(ProjectConfigurationPlatforms) = postSolution
		{064DCEC7-172B-4334-8DF4-75A4EC7C8DD8}.Debug|x64.ActiveCfg = Debug|x64
		{064DCEC7-172B-4334-8DF4-75A4EC7C8DD8}.Debug|x64.Build.0 = Debug|x64
		{064DCEC7-172B-4334-8DF4-75A4EC7C8DD8}.Debug|x86.ActiveCfg = Debug|Win32
		{064DCEC7-172B-4334-8DF4-75A4EC7C8DD8}.Debug|x86.Build.0 = Debug|Win32
		{064DCEC7-172B-4334-8DF4-75A4EC7C8DD8}.Release|x64.ActiveCfg = Release|x64
		{064DCEC7-172B-4334-8DF4-75A4EC7C8DD8}.Release|x64.Build.0 = Release|x64
		{064DCEC7-172B-4334-8DF4-75A4EC7C8DD8}.Release|x86.ActiveCfg = Release|Win32
		{064DCEC7-172B-4334-8DF4-75A4EC7C8DD8}.Release|x86.Build.0 = Release|Win32
		{BDE8B29F-8E69-4B91-9AEF-520FB6CA883A}.Debug|x64.ActiveCfg = Debug|x64
		{BDE8B29F-8E69-4B91-9AEF-520FB6CA883A}.Debug|x64.Build.0 = Debug|x64
		{BDE8B29F-8E69-4B91-9AEF-520FB6CA883A}.Debug|x86.ActiveCfg = Debug|Win32
		{BDE8B29F-8E69-4B91-9AEF-520FB6CA883A}.Debug|x86.Build.0 = Debug|Win32
		{BDE8B29F-8E69-4B91-9AEF-520FB6CA883A}.Release|x64.ActiveCfg = Release|x64
		{BDE8B29F-8E69-4B91-9AEF-520FB6CA883A}.Release|x64.Build.0 = Release|x64
		{BDE8B29F-8E69-4B91-9AEF-520FB6CA883A}.Release|x86.ActiveCfg = Release|Win32
		{BDE8B29F-8E69-4B91-9AEF-520FB6CA883A}.Release|x86.Build.0 = Release|Win32
		{467DBC12-71F2-4ABF-B36D-4971BF71620A}.Debug|x64.ActiveCfg = Debug|x64
		{467DBC12-71F2-4ABF-B36D-4971BF71620A}.Debug|x64.Build.0 = Debug|x64
		{467DBC12-71F2-4ABF-B36D-4971BF71620A}.Debug|x86.ActiveCfg = Debug|Win32
		{467DBC12-71F2-4ABF-B36D-4971BF71620A}.Debug|x86.Build.0 = Debug|Win32
		{467DBC12-71F2-4ABF-B36D-4971BF71620A}.Release|x64.ActiveCfg = Release|x64
		{467DBC12-71F2-4ABF-B36D-4971BF71620A}.Release|x64.Build.0 = Release|x64
		{467DBC12-71F2-4ABF-B36D-4971BF71620A}.Release|x86.ActiveCfg = Release|Win32
		{467DBC12-71F2-4ABF-B36D-4971BF71620A}.Release|x86.Build.0 = Release|Win32
		{565B8246-4907-4919-9AC1-E9099B36ED97}.Debug|x64.ActiveCfg = Debug|x64
		{565B8246-4907-4919-9AC1-E9099B36ED97}.Debug|x64.Build.0 = Debug|x64
		{565B8246-4907-4919-9AC1-E9099B36ED97}.Debug|x86.ActiveCfg = Debug|Win32
		{565B8246-4907-4919-9AC1-E9099B36ED97}.Debug|x86.Build.0 = Debug|Win32
		{565B8246-4907-4919-9AC1-E9099B36ED97}.Release|x64.ActiveCfg = Release|x64
		{565B8246-4907-4919-9AC1-E9099B36ED97}.Release|x64.Build.0 = Release|x64
		{565B8246-4907-4919-9AC1-E9099B36ED97}.Release|x86.ActiveCfg = Release|Win32
		{565B8246-4907-4919-9AC1-E9099B36ED97}.Release|x86.Build.0 = Release|Win32
		{D16A5866-F096-458E-A541-B694DC6035BD}.Debug|x64.ActiveCfg = Debug|x64
		{D16A5866-F096-458E-A541-B694DC6035BD}.Debug|x64.Build.0 = Debug|x64
		{D16A5866-F096-458E-A541-B694DC6035BD}.Debug|x86.ActiveCfg = Debug|Win32
		{D16A5866-F096-458E-A541-B694DC6035BD}.Debug|x86.Build.0 = Debug|Win32
		{D16A5866-F096-458E-A541-B694DC6035BD}.Release|x64.ActiveCfg = Release|x64
		{D16A5866-F096-458E-A541-B694DC6035BD}.Release|x64.Build.0 = Release|x64
		{D16A5866-F096-458E-A541-B694DC6035BD}.Release|x86.ActiveCfg = Release|Win32
		{D16A5866-F096-458E-A541-B694DC6035BD}.Release|x86.Build.0 = Release|Win32
		{1CFEFB9D-14DA-408A-BBA3-6F7965287CA3}.Debug|x64.ActiveCfg = Debug|x64
		{1CFEFB9D-14DA-408A-BBA3-6F7965287CA3}.Debug|x64.Build.0 = Debug|x64
		{1CFEFB9D-14DA-408A-BBA3-6F7965287CA3}.Debug|x86.ActiveCfg = Debug|Win32
		{1CFEFB9D-14DA-408A-BBA3-6F7965287CA3}.Debug|x86.Build.0 = Debug|Win32
		{1CFEFB9D-14DA-408A-BBA3-6F7965287CA3}.Release|x64.ActiveCfg = Release|x64
		{1CFEFB9D-14DA-408A-BBA3-6F7965287CA3}.Release|x64.Build.0 = Release|x64
		{1CFEFB9D-14DA-408A-BBA3-6F7965287CA3}.Release|x86.ActiveCfg = Release|Win32
		{1CFEFB9D-14DA-408A-BBA3-6F7965287CA3}.Release|x86.Build.0 = Release|Win32
		{1D5D1FD1-0856-456D-B881-F1C3F3EACC5D}.Debug|x64.ActiveCfg = Debug|x64
		{1D5D1FD1-0856-456D-B881-F1C3F3EACC5D}.Debug|x86.ActiveCfg = Debug|Win32
		{1D5D1FD1-0856-456D-B881-F1C3F3EACC5D}.Release|x64.ActiveCfg = Release|x64
		{1D5D1FD1-0856-456D-B881-F1C3F3EACC5D}.Release|x86.ActiveCfg = Release|Win32
		{DAC1FCFE-9C26-4825-AAC5-6C44CF771AEC}.Debug|x64.ActiveCfg = Debug|x64
		{DAC1FCFE-9C26-4825-AAC5-6C44CF771AEC}.Debug|x64.Build.0 = Debug|x64
		{DAC1FCFE-9C26-4825-AAC5-6C44CF771AEC}.Debug|x86.ActiveCfg = Debug|Win32
		{DAC1FCFE-9C26-4825-AAC5-6C44CF771AEC}.Debug|x86.Build.0 = Debug|Win32
		{DAC1FCFE-9C26-4825-AAC5-6C44CF771AEC}.Release|x64.ActiveCfg = Release|x64
		{DAC1FCFE-9C26-4825-AAC5-6C44CF771AEC}.Release|x64.Build.0 = Release|x64
		{DAC1FCFE-9C26-4825-AAC5-6C44CF771AEC}.Release|x86.ActiveCfg = Release|Win32
		{DAC1FCFE-9C26-4825-AAC5-6C44CF771AEC}.Release|x86.Build.0 = Release|Win32
	EndGlobalSection
	GlobalSection(SolutionProperties) = preSolution
		HideSolutionNode = FALSE
	EndGlobalSection
	GlobalSection(NestedProjects) = preSolution
		{064DCEC7-172B-4334-8DF4-75A4EC7C8DD8} = {6AC16BFF-058A-43DE-8DEE-40EE3BB63AAF}
		{BDE8B29F-8E69-4B91-9AEF-520FB6CA883A} = {55138986-0B54-4974-B75E-EDFB2423B882}
		{467DBC12-71F2-4ABF-B36D-4971BF71620A} = {55138986-0B54-4974-B75E-EDFB2423B882}
		{1FCD2F10-7996-4890-B9DA-74FFE2F24F54} = {6AC16BFF-058A-43DE-8DEE-40EE3BB63AAF}
		{565B8246-4907-4919-9AC1-E9099B36ED97} = {1FCD2F10-7996-4890-B9DA-74FFE2F24F54}
		{D16A5866-F096-458E-A541-B694DC6035BD} = {1FCD2F10-7996-4890-B9DA-74FFE2F24F54}
		{1CFEFB9D-14DA-408A-BBA3-6F7965287CA3} = {1FCD2F10-7996-4890-B9DA-74FFE2F24F54}
		{1D5D1FD1-0856-456D-B881-F1C3F3EACC5D} = {899FF5AB-4FC0-4060-B736-646537D4B646}
		{DAC1FCFE-9C26-4825-AAC5-6C44CF771AEC} = {55138986-0B54-4974-B75E-EDFB2423B882}
	EndGlobalSection
	GlobalSection(ExtensibilityGlobals) = postSolution
		SolutionGuid = {BF779EA3-BC4C-49BE-9218-F292B16F85F5}
	EndGlobalSection
EndGlobal
