
Microsoft Visual Studio Solution File, Format Version 12.00
# Visual Studio 15
VisualStudioVersion = 15.0.28307.168
MinimumVisualStudioVersion = 10.0.40219.1
Project("{8BC9CEB8-8B4A-11D0-8D11-00A0C91BC942}") = "vnoes", "vnoes\vnoes.vcxproj", "{467DBC12-71F2-4ABF-B36D-4971BF71620A}"
EndProject
Global
	GlobalSection(SolutionConfigurationPlatforms) = preSolution
		Debug|x64 = Debug|x64
		Debug|x86 = Debug|x86
		Release|x64 = Release|x64
		Release|x86 = Release|x86
	EndGlobalSection
	GlobalSection(ProjectConfigurationPlatforms) = postSolution
		{467DBC12-71F2-4ABF-B36D-4971BF71620A}.Debug|x64.ActiveCfg = Debug|x64
		{467DBC12-71F2-4ABF-B36D-4971BF71620A}.Debug|x64.Build.0 = Debug|x64
		{467DBC12-71F2-4ABF-B36D-4971BF71620A}.Debug|x86.ActiveCfg = Debug|Win32
		{467DBC12-71F2-4ABF-B36D-4971BF71620A}.Debug|x86.Build.0 = Debug|Win32
		{467DBC12-71F2-4ABF-B36D-4971BF71620A}.Release|x64.ActiveCfg = Release|x64
		{467DBC12-71F2-4ABF-B36D-4971BF71620A}.Release|x64.Build.0 = Release|x64
		{467DBC12-71F2-4ABF-B36D-4971BF71620A}.Release|x86.ActiveCfg = Release|Win32
		{467DBC12-71F2-4ABF-B36D-4971BF71620A}.Release|x86.Build.0 = Release|Win32
	EndGlobalSection
	GlobalSection(SolutionProperties) = preSolution
		HideSolutionNode = FALSE
	EndGlobalSection
	GlobalSection(ExtensibilityGlobals) = postSolution
		SolutionGuid = {0FFDB9AC-9F5A-4AA0-9C15-E586650528FF}
	EndGlobalSection
EndGlobal
