<?xml version="1.0" encoding="utf-8"?>
<Project ToolsVersion="4.0" xmlns="http://schemas.microsoft.com/developer/msbuild/2003">
  <ItemGroup>
    <Filter Include="Source Files">
      <UniqueIdentifier>{4FC737F1-C7A5-4376-A066-2A32D752A2FF}</UniqueIdentifier>
      <Extensions>cpp;c;cc;cxx;def;odl;idl;hpj;bat;asm;asmx</Extensions>
    </Filter>
    <Filter Include="Header Files">
      <UniqueIdentifier>{93995380-89BD-4b04-88EB-625FBE52EBFB}</UniqueIdentifier>
      <Extensions>h;hh;hpp;hxx;hm;inl;inc;ipp;xsd</Extensions>
    </Filter>
    <Filter Include="Resource Files">
      <UniqueIdentifier>{67DA6AB6-F800-4c08-8B7A-83BB121AAD01}</UniqueIdentifier>
      <Extensions>rc;ico;cur;bmp;dlg;rc2;rct;bin;rgs;gif;jpg;jpeg;jpe;resx;tiff;tif;png;wav;mfcribbon-ms</Extensions>
    </Filter>
  </ItemGroup>
  <ItemGroup>
    <ClInclude Include="pch.h">
      <Filter>Header Files</Filter>
    </ClInclude>
    <ClInclude Include="include\mds_api\mds_api.h">
      <Filter>Header Files</Filter>
    </ClInclude>
    <ClInclude Include="include\oes_api\oes_api.h">
      <Filter>Header Files</Filter>
    </ClInclude>
    <ClInclude Include="include\mds_global\mds_base_model.h">
      <Filter>Header Files</Filter>
    </ClInclude>
    <ClInclude Include="include\mds_global\mds_mkt_packets.h">
      <Filter>Header Files</Filter>
    </ClInclude>
    <ClInclude Include="include\mds_global\mds_qry_packets.h">
      <Filter>Header Files</Filter>
    </ClInclude>
    <ClInclude Include="include\oes_global\oes_base_model.h">
      <Filter>Header Files</Filter>
    </ClInclude>
    <ClInclude Include="include\oes_global\oes_packets.h">
      <Filter>Header Files</Filter>
    </ClInclude>
    <ClInclude Include="include\oes_global\oes_qry_packets.h">
      <Filter>Header Files</Filter>
    </ClInclude>
    <ClInclude Include="custom\wrapper.hpp">
      <Filter>Header Files</Filter>
    </ClInclude>
    <ClInclude Include="include\mds_api\parser\json_parser\mds_json_parser.h">
      <Filter>Header Files</Filter>
    </ClInclude>
    <ClInclude Include="include\mds_api\parser\mds_protocol_parser.h">
      <Filter>Header Files</Filter>
    </ClInclude>
    <ClInclude Include="include\mds_api\errors\mds_errors.h">
      <Filter>Header Files</Filter>
    </ClInclude>
    <ClInclude Include="include\oes_api\errors\oes_errors.h">
      <Filter>Header Files</Filter>
    </ClInclude>
    <ClInclude Include="include\oes_api\parser\json_parser\oes_json_parser.h">
      <Filter>Header Files</Filter>
    </ClInclude>
    <ClInclude Include="include\oes_api\parser\json_parser\oes_query_json_parser.h">
      <Filter>Header Files</Filter>
    </ClInclude>
    <ClInclude Include="include\oes_api\parser\oes_protocol_parser.h">
      <Filter>Header Files</Filter>
    </ClInclude>
    <ClInclude Include="include\sutil\logger\_spk_log.h">
      <Filter>Header Files</Filter>
    </ClInclude>
    <ClInclude Include="include\sutil\logger\spk_console_masked_log.h">
      <Filter>Header Files</Filter>
    </ClInclude>
    <ClInclude Include="include\sutil\logger\spk_log.h">
      <Filter>Header Files</Filter>
    </ClInclude>
    <ClInclude Include="include\sutil\logger\spk_log_config.h">
      <Filter>Header Files</Filter>
    </ClInclude>
    <ClInclude Include="include\sutil\logger\spk_log_instance.h">
      <Filter>Header Files</Filter>
    </ClInclude>
    <ClInclude Include="include\sutil\logger\spk_log_level.h">
      <Filter>Header Files</Filter>
    </ClInclude>
    <ClInclude Include="include\sutil\logger\spk_log_mode.h">
      <Filter>Header Files</Filter>
    </ClInclude>
    <ClInclude Include="include\sutil\logger\spk_log_type.h">
      <Filter>Header Files</Filter>
    </ClInclude>
    <ClInclude Include="include\sutil\net\spk_data_buffer_define.h">
      <Filter>Header Files</Filter>
    </ClInclude>
    <ClInclude Include="include\sutil\net\spk_errmsg_base_define.h">
      <Filter>Header Files</Filter>
    </ClInclude>
    <ClInclude Include="include\sutil\net\spk_general_client_define.h">
      <Filter>Header Files</Filter>
    </ClInclude>
    <ClInclude Include="include\sutil\net\spk_global_packet.h">
      <Filter>Header Files</Filter>
    </ClInclude>
    <ClInclude Include="include\sutil\net\spk_socket_base_define.h">
      <Filter>Header Files</Filter>
    </ClInclude>
    <ClInclude Include="include\sutil\platform\spk_platforms.h">
      <Filter>Header Files</Filter>
    </ClInclude>
    <ClInclude Include="include\sutil\string\spk_fixed_snprintf.h">
      <Filter>Header Files</Filter>
    </ClInclude>
    <ClInclude Include="include\sutil\string\spk_multi_field_string.h">
      <Filter>Header Files</Filter>
    </ClInclude>
    <ClInclude Include="include\sutil\string\spk_string_convert.h">
      <Filter>Header Files</Filter>
    </ClInclude>
    <ClInclude Include="include\sutil\string\spk_string_var.h">
      <Filter>Header Files</Filter>
    </ClInclude>
    <ClInclude Include="include\sutil\string\spk_strings.h">
      <Filter>Header Files</Filter>
    </ClInclude>
    <ClInclude Include="include\sutil\string\spk_strverscmp.h">
      <Filter>Header Files</Filter>
    </ClInclude>
    <ClInclude Include="include\sutil\time\spk_times.h">
      <Filter>Header Files</Filter>
    </ClInclude>
    <ClInclude Include="include\sutil\cmnlib.h">
      <Filter>Header Files</Filter>
    </ClInclude>
    <ClInclude Include="include\sutil\compiler.h">
      <Filter>Header Files</Filter>
    </ClInclude>
    <ClInclude Include="include\sutil\stdc.h">
      <Filter>Header Files</Filter>
    </ClInclude>
    <ClInclude Include="include\sutil\types.h">
      <Filter>Header Files</Filter>
    </ClInclude>
  </ItemGroup>
  <ItemGroup>
    <ClCompile Include="pch.cpp">
      <Filter>Source Files</Filter>
    </ClCompile>
    <ClCompile Include="generated_files\classes_1.cpp">
      <Filter>Source Files</Filter>
    </ClCompile>
    <ClCompile Include="generated_files\classes_2.cpp">
      <Filter>Source Files</Filter>
    </ClCompile>
    <ClCompile Include="generated_files\module.cpp">
      <Filter>Source Files</Filter>
    </ClCompile>
  </ItemGroup>
</Project>